
Microsoft Visual Studio Solution File, Format Version 12.00
# Visual Studio Version 17
VisualStudioVersion = 17.14.36930.0 d17.14
MinimumVisualStudioVersion = 10.0.40219.1
Project("{FAE04EC0-301F-11D3-BF4B-00C04F79EFBC}") = "DSA_Lab2Tests", "DSA_Lab2Tests\DSA_Lab2Tests.csproj", "{E1D9ECAD-2AF3-4D60-988C-35E183E32380}"
EndProject
Global
	GlobalSection(SolutionConfigurationPlatforms) = preSolution
		Debug|Any CPU = Debug|Any CPU
		Release|Any CPU = Release|Any CPU
	EndGlobalSection
	GlobalSection(ProjectConfigurationPlatforms) = postSolution
		{E1D9ECAD-2AF3-4D60-988C-35E183E32380}.Debug|Any CPU.ActiveCfg = Debug|Any CPU
		{E1D9ECAD-2AF3-4D60-988C-35E183E32380}.Debug|Any CPU.Build.0 = Debug|Any CPU
		{E1D9ECAD-2AF3-4D60-988C-35E183E32380}.Release|Any CPU.ActiveCfg = Release|Any CPU
		{E1D9ECAD-2AF3-4D60-988C-35E183E32380}.Release|Any CPU.Build.0 = Release|Any CPU
	EndGlobalSection
	GlobalSection(SolutionProperties) = preSolution
		HideSolutionNode = FALSE
	EndGlobalSection
	GlobalSection(ExtensibilityGlobals) = postSolution
		SolutionGuid = {BB8FBA02-004C-4503-80C2-E7C6C3E27907}
	EndGlobalSection
EndGlobal
